
Microsoft Visual Studio Solution File, Format Version 12.00
# Visual Studio 15
VisualStudioVersion = 15.0.28307.960
MinimumVisualStudioVersion = 10.0.40219.1
Project("{9A19103F-16F7-4668-BE54-9A1E7A4F7556}") = "ExchangeMESManagerSevice", "ExchangeMESManagerSevice\ExchangeMESManagerSevice.csproj", "{D835D6B5-11F7-4561-8609-EFC05CF1369D}"
EndProject
Project("{FAE04EC0-301F-11D3-BF4B-00C04F79EFBC}") = "OpcenterAPSMESUAFProject", "OpcenterAPSMESUAFProject\OpcenterAPSMESUAFProject.csproj", "{2AC4E039-C59A-47AF-9A56-EE6EA2623EFF}"
EndProject
Global
	GlobalSection(SolutionConfigurationPlatforms) = preSolution
		Debug|Any CPU = Debug|Any CPU
		Debug|x64 = Debug|x64
		Release|Any CPU = Release|Any CPU
		Release|x64 = Release|x64
	EndGlobalSection
	GlobalSection(ProjectConfigurationPlatforms) = postSolution
		{D835D6B5-11F7-4561-8609-EFC05CF1369D}.Debug|Any CPU.ActiveCfg = Debug|Any CPU
		{D835D6B5-11F7-4561-8609-EFC05CF1369D}.Debug|Any CPU.Build.0 = Debug|Any CPU
		{D835D6B5-11F7-4561-8609-EFC05CF1369D}.Debug|x64.ActiveCfg = Debug|Any CPU
		{D835D6B5-11F7-4561-8609-EFC05CF1369D}.Debug|x64.Build.0 = Debug|Any CPU
		{D835D6B5-11F7-4561-8609-EFC05CF1369D}.Release|Any CPU.ActiveCfg = Release|Any CPU
		{D835D6B5-11F7-4561-8609-EFC05CF1369D}.Release|Any CPU.Build.0 = Release|Any CPU
		{D835D6B5-11F7-4561-8609-EFC05CF1369D}.Release|x64.ActiveCfg = Release|Any CPU
		{D835D6B5-11F7-4561-8609-EFC05CF1369D}.Release|x64.Build.0 = Release|Any CPU
		{2AC4E039-C59A-47AF-9A56-EE6EA2623EFF}.Debug|Any CPU.ActiveCfg = Debug|x64
		{2AC4E039-C59A-47AF-9A56-EE6EA2623EFF}.Debug|Any CPU.Build.0 = Debug|x64
		{2AC4E039-C59A-47AF-9A56-EE6EA2623EFF}.Debug|x64.ActiveCfg = Debug|x64
		{2AC4E039-C59A-47AF-9A56-EE6EA2623EFF}.Debug|x64.Build.0 = Debug|x64
		{2AC4E039-C59A-47AF-9A56-EE6EA2623EFF}.Release|Any CPU.ActiveCfg = Release|x64
		{2AC4E039-C59A-47AF-9A56-EE6EA2623EFF}.Release|x64.ActiveCfg = Release|x64
		{2AC4E039-C59A-47AF-9A56-EE6EA2623EFF}.Release|x64.Build.0 = Release|x64
	EndGlobalSection
	GlobalSection(SolutionProperties) = preSolution
		HideSolutionNode = FALSE
	EndGlobalSection
	GlobalSection(ExtensibilityGlobals) = postSolution
		SolutionGuid = {1C4FFBA1-81B4-4207-A2E8-2924E915F372}
	EndGlobalSection
EndGlobal
