
Microsoft Visual Studio Solution File, Format Version 12.00
# Visual Studio 15
VisualStudioVersion = 15.0.28307.960
MinimumVisualStudioVersion = 10.0.40219.1
Project("{FAE04EC0-301F-11D3-BF4B-00C04F79EFBC}") = "ExchangeMESManagerSevice", "ExchangeMESManagerSevice\ExchangeMESManagerSevice.csproj", "{D835D6B5-11F7-4561-8609-EFC05CF1369D}"
EndProject
Global
	GlobalSection(SolutionConfigurationPlatforms) = preSolution
		Debug|Any CPU = Debug|Any CPU
		Release|Any CPU = Release|Any CPU
	EndGlobalSection
	GlobalSection(ProjectConfigurationPlatforms) = postSolution
		{D835D6B5-11F7-4561-8609-EFC05CF1369D}.Debug|Any CPU.ActiveCfg = Debug|Any CPU
		{D835D6B5-11F7-4561-8609-EFC05CF1369D}.Debug|Any CPU.Build.0 = Debug|Any CPU
		{D835D6B5-11F7-4561-8609-EFC05CF1369D}.Release|Any CPU.ActiveCfg = Release|Any CPU
		{D835D6B5-11F7-4561-8609-EFC05CF1369D}.Release|Any CPU.Build.0 = Release|Any CPU
	EndGlobalSection
	GlobalSection(SolutionProperties) = preSolution
		HideSolutionNode = FALSE
	EndGlobalSection
	GlobalSection(ExtensibilityGlobals) = postSolution
		SolutionGuid = {1C4FFBA1-81B4-4207-A2E8-2924E915F372}
	EndGlobalSection
EndGlobal
